{
  "nodes": {
    "firecracker": {
      "flake": false,
      "locked": {
        "lastModified": 1768831912,
        "narHash": "sha256-qUlkRmGP9vbuQQuHv+fpby3hcJdrYyQjIinzMXMfocM=",
        "owner": "firecracker-microvm",
        "repo": "firecracker",
        "rev": "4c8085a9563f8ca7e8e3caeca99bc3283472a8b1",
        "type": "github"
      },
      "original": {
        "owner": "firecracker-microvm",
        "ref": "feature/secret-hiding",
        "repo": "firecracker",
        "type": "github"
      }
    },
    "nixpkgs": {
      "locked": {
        "lastModified": 1764521362,
        "narHash": "sha256-M101xMtWdF1eSD0xhiR8nG8CXRlHmv6V+VoY65Smwf4=",
        "owner": "nixos",
        "repo": "nixpkgs",
        "rev": "871b9fd269ff6246794583ce4ee1031e1da71895",
        "type": "github"
      },
      "original": {
        "owner": "nixos",
        "ref": "25.11",
        "repo": "nixpkgs",
        "type": "github"
      }
    },
    "root": {
      "inputs": {
        "firecracker": "firecracker",
        "nixpkgs": "nixpkgs"
      }
    }
  },
  "root": "root",
  "version": 7
}
