{
  "nodes": {
    "falba": {
      "inputs": {
        "flake-utils": "flake-utils",
        "limmat": "limmat",
        "nixpkgs": [
          "nixpkgs"
        ]
      },
      "locked": {
        "lastModified": 1780923115,
        "narHash": "sha256-YAk+cobi3kUsFlVWK/CRIewiFmDck0TM5L+8vYMqd+k=",
        "owner": "bjackman",
        "repo": "falba",
        "rev": "1b761bf7012a53fbdb428197a3e47424955934ee",
        "type": "github"
      },
      "original": {
        "owner": "bjackman",
        "repo": "falba",
        "type": "github"
      }
    },
    "fenix": {
      "inputs": {
        "nixpkgs": [
          "falba",
          "limmat",
          "naersk",
          "nixpkgs"
        ],
        "rust-analyzer-src": "rust-analyzer-src"
      },
      "locked": {
        "lastModified": 1752475459,
        "narHash": "sha256-z6QEu4ZFuHiqdOPbYss4/Q8B0BFhacR8ts6jO/F/aOU=",
        "owner": "nix-community",
        "repo": "fenix",
        "rev": "bf0d6f70f4c9a9cf8845f992105652173f4b617f",
        "type": "github"
      },
      "original": {
        "owner": "nix-community",
        "repo": "fenix",
        "type": "github"
      }
    },
    "firecracker": {
      "flake": false,
      "locked": {
        "lastModified": 1771331808,
        "narHash": "sha256-uOHwJRcCKi0lyfSRzszGi2XaWut+WfStg60ekICV0XU=",
        "owner": "bjackman",
        "repo": "firecracker",
        "rev": "af93e771bb5a56afbbb69d3eae7f9b33cab8b56a",
        "type": "github"
      },
      "original": {
        "owner": "bjackman",
        "ref": "skip-if",
        "repo": "firecracker",
        "type": "github"
      }
    },
    "flake-utils": {
      "inputs": {
        "systems": "systems"
      },
      "locked": {
        "lastModified": 1731533236,
        "narHash": "sha256-l0KFg5HjrsfsO/JpG+r7fRrqm12kzFHyUHqHCVpMMbI=",
        "owner": "numtide",
        "repo": "flake-utils",
        "rev": "11707dc2f618dd54ca8739b309ec4fc024de578b",
        "type": "github"
      },
      "original": {
        "owner": "numtide",
        "repo": "flake-utils",
        "type": "github"
      }
    },
    "flake-utils_2": {
      "inputs": {
        "systems": "systems_2"
      },
      "locked": {
        "lastModified": 1731533236,
        "narHash": "sha256-l0KFg5HjrsfsO/JpG+r7fRrqm12kzFHyUHqHCVpMMbI=",
        "owner": "numtide",
        "repo": "flake-utils",
        "rev": "11707dc2f618dd54ca8739b309ec4fc024de578b",
        "type": "github"
      },
      "original": {
        "owner": "numtide",
        "repo": "flake-utils",
        "type": "github"
      }
    },
    "limmat": {
      "inputs": {
        "flake-utils": "flake-utils_2",
        "naersk": "naersk",
        "nixpkgs": [
          "falba",
          "nixpkgs"
        ]
      },
      "locked": {
        "lastModified": 1773399761,
        "narHash": "sha256-XTfderP/fpprRCYjJ/K905HB6hLGVojZuermfj840aY=",
        "owner": "bjackman",
        "repo": "limmat",
        "rev": "c1f6ed5c56473a55d6fd34314bc658c617e03ba5",
        "type": "github"
      },
      "original": {
        "owner": "bjackman",
        "repo": "limmat",
        "type": "github"
      }
    },
    "microvm": {
      "inputs": {
        "nixpkgs": [
          "nixpkgs"
        ],
        "spectrum": "spectrum"
      },
      "locked": {
        "lastModified": 1780522662,
        "narHash": "sha256-fsiLQSfMmWSUB5KQeKIvaXJv4Dzf24MSl1uB3t4O7eA=",
        "owner": "microvm-nix",
        "repo": "microvm.nix",
        "rev": "84b2dedfd03da111a001182ac8c962f1a79007fb",
        "type": "github"
      },
      "original": {
        "owner": "microvm-nix",
        "repo": "microvm.nix",
        "type": "github"
      }
    },
    "naersk": {
      "inputs": {
        "fenix": "fenix",
        "nixpkgs": [
          "falba",
          "limmat",
          "nixpkgs"
        ]
      },
      "locked": {
        "lastModified": 1763384566,
        "narHash": "sha256-r+wgI+WvNaSdxQmqaM58lVNvJYJ16zoq+tKN20cLst4=",
        "owner": "nix-community",
        "repo": "naersk",
        "rev": "d4155d6ebb70fbe2314959842f744aa7cabbbf6a",
        "type": "github"
      },
      "original": {
        "owner": "nix-community",
        "repo": "naersk",
        "type": "github"
      }
    },
    "nixpkgs": {
      "locked": {
        "lastModified": 1780145889,
        "narHash": "sha256-md0zn0RnwNvPyASas1yG5YUuwQ4ALA6ucL50l0DvqCo=",
        "owner": "nixos",
        "repo": "nixpkgs",
        "rev": "8c50a710ddca43d7a530fb805ad55bde8d0141c5",
        "type": "github"
      },
      "original": {
        "owner": "nixos",
        "ref": "26.05",
        "repo": "nixpkgs",
        "type": "github"
      }
    },
    "root": {
      "inputs": {
        "falba": "falba",
        "firecracker": "firecracker",
        "microvm": "microvm",
        "nixpkgs": "nixpkgs",
        "treefmt-nix": "treefmt-nix"
      }
    },
    "rust-analyzer-src": {
      "flake": false,
      "locked": {
        "lastModified": 1752428706,
        "narHash": "sha256-EJcdxw3aXfP8Ex1Nm3s0awyH9egQvB2Gu+QEnJn2Sfg=",
        "owner": "rust-lang",
        "repo": "rust-analyzer",
        "rev": "591e3b7624be97e4443ea7b5542c191311aa141d",
        "type": "github"
      },
      "original": {
        "owner": "rust-lang",
        "ref": "nightly",
        "repo": "rust-analyzer",
        "type": "github"
      }
    },
    "spectrum": {
      "flake": false,
      "locked": {
        "lastModified": 1778940603,
        "narHash": "sha256-voSM8dZNlaOWN3kbYFky+FNY6fFQOEw0xF+ZMpZKkCQ=",
        "ref": "refs/heads/main",
        "rev": "367dd227f539267eae2b62770b4c17b88ac8c1f1",
        "revCount": 1265,
        "type": "git",
        "url": "https://spectrum-os.org/git/spectrum"
      },
      "original": {
        "type": "git",
        "url": "https://spectrum-os.org/git/spectrum"
      }
    },
    "systems": {
      "locked": {
        "lastModified": 1681028828,
        "narHash": "sha256-Vy1rq5AaRuLzOxct8nz4T6wlgyUR7zLU309k9mBC768=",
        "owner": "nix-systems",
        "repo": "default",
        "rev": "da67096a3b9bf56a91d16901293e51ba5b49a27e",
        "type": "github"
      },
      "original": {
        "owner": "nix-systems",
        "repo": "default",
        "type": "github"
      }
    },
    "systems_2": {
      "locked": {
        "lastModified": 1681028828,
        "narHash": "sha256-Vy1rq5AaRuLzOxct8nz4T6wlgyUR7zLU309k9mBC768=",
        "owner": "nix-systems",
        "repo": "default",
        "rev": "da67096a3b9bf56a91d16901293e51ba5b49a27e",
        "type": "github"
      },
      "original": {
        "owner": "nix-systems",
        "repo": "default",
        "type": "github"
      }
    },
    "treefmt-nix": {
      "inputs": {
        "nixpkgs": [
          "nixpkgs"
        ]
      },
      "locked": {
        "lastModified": 1780220602,
        "narHash": "sha256-eynAfOmbmxJnkp7YewvCEbShNnnYJ9gLLqkzsYtBPeM=",
        "owner": "numtide",
        "repo": "treefmt-nix",
        "rev": "db947814a175b7ca6ded66e21383d938df01c227",
        "type": "github"
      },
      "original": {
        "owner": "numtide",
        "repo": "treefmt-nix",
        "type": "github"
      }
    }
  },
  "root": "root",
  "version": 7
}
